
Microsoft Visual Studio Solution File, Format Version 12.00
# Visual Studio Version 16
VisualStudioVersion = 16.0.30907.101
MinimumVisualStudioVersion = 10.0.40219.1
Project("{FAE04EC0-301F-11D3-BF4B-00C04F79EFBC}") = "BlueprintParser", "BlueprintParser\BlueprintParser.csproj", "{6564DCDA-4B58-4E57-B63F-ED61174D2B4E}"
EndProject
Global
	GlobalSection(SolutionConfigurationPlatforms) = preSolution
		Debug|Any CPU = Debug|Any CPU
		Release|Any CPU = Release|Any CPU
	EndGlobalSection
	GlobalSection(ProjectConfigurationPlatforms) = postSolution
		{6564DCDA-4B58-4E57-B63F-ED61174D2B4E}.Debug|Any CPU.ActiveCfg = Debug|Any CPU
		{6564DCDA-4B58-4E57-B63F-ED61174D2B4E}.Debug|Any CPU.Build.0 = Debug|Any CPU
		{6564DCDA-4B58-4E57-B63F-ED61174D2B4E}.Release|Any CPU.ActiveCfg = Release|Any CPU
		{6564DCDA-4B58-4E57-B63F-ED61174D2B4E}.Release|Any CPU.Build.0 = Release|Any CPU
	EndGlobalSection
	GlobalSection(SolutionProperties) = preSolution
		HideSolutionNode = FALSE
	EndGlobalSection
	GlobalSection(ExtensibilityGlobals) = postSolution
		SolutionGuid = {801E067D-DFBE-4151-BA37-F9CA0621A1C9}
	EndGlobalSection
EndGlobal
